<?xml version="1.0" encoding="utf-8"?>
<Project ToolsVersion="4.0" xmlns="http://schemas.microsoft.com/developer/msbuild/2003">
  <ItemGroup>
    <Filter Include="Source Files">
      <UniqueIdentifier>{4FC737F1-C7A5-4376-A066-2A32D752A2FF}</UniqueIdentifier>
      <Extensions>cpp;c;cc;cxx;def;odl;idl;hpj;bat;asm;asmx</Extensions>
    </Filter>
    <Filter Include="Header Files">
      <UniqueIdentifier>{93995380-89BD-4b04-88EB-625FBE52EBFB}</UniqueIdentifier>
      <Extensions>h;hh;hpp;hxx;hm;inl;inc;xsd</Extensions>
    </Filter>
    <Filter Include="Resource Files">
      <UniqueIdentifier>{67DA6AB6-F800-4c08-8B7A-83BB121AAD01}</UniqueIdentifier>
      <Extensions>rc;ico;cur;bmp;dlg;rc2;rct;bin;rgs;gif;jpg;jpeg;jpe;resx;tiff;tif;png;wav;mfcribbon-ms</Extensions>
    </Filter>
  </ItemGroup>
  <ItemGroup>
    <ClCompile Include="Vesper\BSDFs\BSDFFactory.cpp">
      <Filter>Source Files</Filter>
    </ClCompile>
    <ClCompile Include="Vesper\BSDFs\Dielectric.cpp">
      <Filter>Source Files</Filter>
    </ClCompile>
    <ClCompile Include="Vesper\BSDFs\Lambertian.cpp">
      <Filter>Source Files</Filter>
    </ClCompile>
    <ClCompile Include="Vesper\BSDFs\Mirror.cpp">
      <Filter>Source Files</Filter>
    </ClCompile>
    <ClCompile Include="Vesper\Cameras\Camera.cpp">
      <Filter>Source Files</Filter>
    </ClCompile>
    <ClCompile Include="Vesper\Cameras\CameraFactory.cpp">
      <Filter>Source Files</Filter>
    </ClCompile>
    <ClCompile Include="Vesper\Cameras\Perspective.cpp">
      <Filter>Source Files</Filter>
    </ClCompile>
    <ClCompile Include="Vesper\Core\JsonSceneParser.cpp">
      <Filter>Source Files</Filter>
    </ClCompile>
    <ClCompile Include="Vesper\Core\Scene.cpp">
      <Filter>Source Files</Filter>
    </ClCompile>
    <ClCompile Include="Vesper\Core\XmlSceneParser.cpp">
      <Filter>Source Files</Filter>
    </ClCompile>
    <ClCompile Include="Vesper\Integrators\AmbientOcclusion.cpp">
      <Filter>Source Files</Filter>
    </ClCompile>
    <ClCompile Include="Vesper\Integrators\DirectLighting.cpp">
      <Filter>Source Files</Filter>
    </ClCompile>
    <ClCompile Include="Vesper\Integrators\Integrator.cpp">
      <Filter>Source Files</Filter>
    </ClCompile>
    <ClCompile Include="Vesper\Integrators\IntegratorFactory.cpp">
      <Filter>Source Files</Filter>
    </ClCompile>
    <ClCompile Include="Vesper\Integrators\MisPathTracer.cpp">
      <Filter>Source Files</Filter>
    </ClCompile>
    <ClCompile Include="Vesper\Integrators\Normals.cpp">
      <Filter>Source Files</Filter>
    </ClCompile>
    <ClCompile Include="Vesper\Integrators\PathTracer.cpp">
      <Filter>Source Files</Filter>
    </ClCompile>
    <ClCompile Include="Vesper\Lights\AreaLight.cpp">
      <Filter>Source Files</Filter>
    </ClCompile>
    <ClCompile Include="Vesper\Lights\DirectionalLight.cpp">
      <Filter>Source Files</Filter>
    </ClCompile>
    <ClCompile Include="Vesper\Lights\LightFactory.cpp">
      <Filter>Source Files</Filter>
    </ClCompile>
    <ClCompile Include="Vesper\Lights\PointLight.cpp">
      <Filter>Source Files</Filter>
    </ClCompile>
    <ClCompile Include="Vesper\Math\DiscretePdf.cpp">
      <Filter>Source Files</Filter>
    </ClCompile>
    <ClCompile Include="Vesper\Math\Warp.cpp">
      <Filter>Source Files</Filter>
    </ClCompile>
    <ClCompile Include="Vesper\ReconstructionFilters\GaussianFilter.cpp">
      <Filter>Source Files</Filter>
    </ClCompile>
    <ClCompile Include="Vesper\ReconstructionFilters\ReconstructionFilter.cpp">
      <Filter>Source Files</Filter>
    </ClCompile>
    <ClCompile Include="Vesper\Samplers\Independent.cpp">
      <Filter>Source Files</Filter>
    </ClCompile>
    <ClCompile Include="Vesper\Samplers\Sampler.cpp">
      <Filter>Source Files</Filter>
    </ClCompile>
    <ClCompile Include="Vesper\Samplers\SamplerFactory.cpp">
      <Filter>Source Files</Filter>
    </ClCompile>
    <ClCompile Include="Vesper\Shapes\Mesh.cpp">
      <Filter>Source Files</Filter>
    </ClCompile>
    <ClCompile Include="Vesper\Shapes\MeshLoader.cpp">
      <Filter>Source Files</Filter>
    </ClCompile>
    <ClCompile Include="Vesper\Shapes\Shape.cpp">
      <Filter>Source Files</Filter>
    </ClCompile>
    <ClCompile Include="Vesper\Shapes\ShapeFactory.cpp">
      <Filter>Source Files</Filter>
    </ClCompile>
    <ClCompile Include="Vesper\Shapes\Sphere.cpp">
      <Filter>Source Files</Filter>
    </ClCompile>
    <ClCompile Include="Vesper\Spectrums\RgbSpectrum.cpp">
      <Filter>Source Files</Filter>
    </ClCompile>
    <ClCompile Include="Vesper\ImageBlock.cpp">
      <Filter>Source Files</Filter>
    </ClCompile>
    <ClCompile Include="Vesper\RayTracer.cpp">
      <Filter>Source Files</Filter>
    </ClCompile>
  </ItemGroup>
  <ItemGroup>
    <ClInclude Include="Vesper\BSDFs\BSDF.hpp">
      <Filter>Header Files</Filter>
    </ClInclude>
    <ClInclude Include="Vesper\BSDFs\BSDFFactory.hpp">
      <Filter>Header Files</Filter>
    </ClInclude>
    <ClInclude Include="Vesper\BSDFs\Dielectric.hpp">
      <Filter>Header Files</Filter>
    </ClInclude>
    <ClInclude Include="Vesper\BSDFs\Lambertian.hpp">
      <Filter>Header Files</Filter>
    </ClInclude>
    <ClInclude Include="Vesper\BSDFs\Mirror.hpp">
      <Filter>Header Files</Filter>
    </ClInclude>
    <ClInclude Include="Vesper\Cameras\Camera.hpp">
      <Filter>Header Files</Filter>
    </ClInclude>
    <ClInclude Include="Vesper\Cameras\CameraFactory.hpp">
      <Filter>Header Files</Filter>
    </ClInclude>
    <ClInclude Include="Vesper\Cameras\Perspective.hpp">
      <Filter>Header Files</Filter>
    </ClInclude>
    <ClInclude Include="Vesper\Core\Fresnel.hpp">
      <Filter>Header Files</Filter>
    </ClInclude>
    <ClInclude Include="Vesper\Core\Intersection.hpp">
      <Filter>Header Files</Filter>
    </ClInclude>
    <ClInclude Include="Vesper\Core\JsonSceneParser.hpp">
      <Filter>Header Files</Filter>
    </ClInclude>
    <ClInclude Include="Vesper\Core\Scene.hpp">
      <Filter>Header Files</Filter>
    </ClInclude>
    <ClInclude Include="Vesper\Core\VariantMap.hpp">
      <Filter>Header Files</Filter>
    </ClInclude>
    <ClInclude Include="Vesper\Core\XmlSceneParser.hpp">
      <Filter>Header Files</Filter>
    </ClInclude>
    <ClInclude Include="Vesper\Integrators\AmbientOcclusion.hpp">
      <Filter>Header Files</Filter>
    </ClInclude>
    <ClInclude Include="Vesper\Integrators\DirectLighting.hpp">
      <Filter>Header Files</Filter>
    </ClInclude>
    <ClInclude Include="Vesper\Integrators\Integrator.hpp">
      <Filter>Header Files</Filter>
    </ClInclude>
    <ClInclude Include="Vesper\Integrators\IntegratorFactory.hpp">
      <Filter>Header Files</Filter>
    </ClInclude>
    <ClInclude Include="Vesper\Integrators\MisPathTracer.hpp">
      <Filter>Header Files</Filter>
    </ClInclude>
    <ClInclude Include="Vesper\Integrators\Normals.hpp">
      <Filter>Header Files</Filter>
    </ClInclude>
    <ClInclude Include="Vesper\Integrators\PathTracer.hpp">
      <Filter>Header Files</Filter>
    </ClInclude>
    <ClInclude Include="Vesper\Lights\AreaLight.hpp">
      <Filter>Header Files</Filter>
    </ClInclude>
    <ClInclude Include="Vesper\Lights\DirectionalLight.hpp">
      <Filter>Header Files</Filter>
    </ClInclude>
    <ClInclude Include="Vesper\Lights\Light.hpp">
      <Filter>Header Files</Filter>
    </ClInclude>
    <ClInclude Include="Vesper\Lights\LightFactory.hpp">
      <Filter>Header Files</Filter>
    </ClInclude>
    <ClInclude Include="Vesper\Lights\PointLight.hpp">
      <Filter>Header Files</Filter>
    </ClInclude>
    <ClInclude Include="Vesper\Math\BoundingBox.hpp">
      <Filter>Header Files</Filter>
    </ClInclude>
    <ClInclude Include="Vesper\Math\Constants.hpp">
      <Filter>Header Files</Filter>
    </ClInclude>
    <ClInclude Include="Vesper\Math\CoordinateFrame.hpp">
      <Filter>Header Files</Filter>
    </ClInclude>
    <ClInclude Include="Vesper\Math\DiscretePdf.hpp">
      <Filter>Header Files</Filter>
    </ClInclude>
    <ClInclude Include="Vesper\Math\Operations.hpp">
      <Filter>Header Files</Filter>
    </ClInclude>
    <ClInclude Include="Vesper\Math\Ray.hpp">
      <Filter>Header Files</Filter>
    </ClInclude>
    <ClInclude Include="Vesper\Math\Transform.hpp">
      <Filter>Header Files</Filter>
    </ClInclude>
    <ClInclude Include="Vesper\Math\Warp.hpp">
      <Filter>Header Files</Filter>
    </ClInclude>
    <ClInclude Include="Vesper\ReconstructionFilters\GaussianFilter.hpp">
      <Filter>Header Files</Filter>
    </ClInclude>
    <ClInclude Include="Vesper\ReconstructionFilters\ReconstructionFilter.hpp">
      <Filter>Header Files</Filter>
    </ClInclude>
    <ClInclude Include="Vesper\Samplers\Independent.hpp">
      <Filter>Header Files</Filter>
    </ClInclude>
    <ClInclude Include="Vesper\Samplers\Sampler.hpp">
      <Filter>Header Files</Filter>
    </ClInclude>
    <ClInclude Include="Vesper\Samplers\SamplerFactory.hpp">
      <Filter>Header Files</Filter>
    </ClInclude>
    <ClInclude Include="Vesper\Shapes\Mesh.hpp">
      <Filter>Header Files</Filter>
    </ClInclude>
    <ClInclude Include="Vesper\Shapes\MeshLoader.hpp">
      <Filter>Header Files</Filter>
    </ClInclude>
    <ClInclude Include="Vesper\Shapes\Shape.hpp">
      <Filter>Header Files</Filter>
    </ClInclude>
    <ClInclude Include="Vesper\Shapes\ShapeFactory.hpp">
      <Filter>Header Files</Filter>
    </ClInclude>
    <ClInclude Include="Vesper\Shapes\Sphere.hpp">
      <Filter>Header Files</Filter>
    </ClInclude>
    <ClInclude Include="Vesper\Spectrums\RgbSpectrum.hpp">
      <Filter>Header Files</Filter>
    </ClInclude>
    <ClInclude Include="Vesper\Spectrums\Spectrum.hpp">
      <Filter>Header Files</Filter>
    </ClInclude>
    <ClInclude Include="Vesper\Spectrums\WeightedRgbSpectrum.hpp">
      <Filter>Header Files</Filter>
    </ClInclude>
    <ClInclude Include="Vesper\ImageBlock.hpp">
      <Filter>Header Files</Filter>
    </ClInclude>
    <ClInclude Include="Vesper\ImageBlockEventArgs.hpp">
      <Filter>Header Files</Filter>
    </ClInclude>
    <ClInclude Include="Vesper\RayTracer.hpp">
      <Filter>Header Files</Filter>
    </ClInclude>
  </ItemGroup>
</Project>