<?xml version="1.0" encoding="utf-8"?>
<Project ToolsVersion="4.0" xmlns="http://schemas.microsoft.com/developer/msbuild/2003">
  <ItemGroup>
    <Filter Include="Source Files">
      <UniqueIdentifier>{4FC737F1-C7A5-4376-A066-2A32D752A2FF}</UniqueIdentifier>
      <Extensions>cpp;c;cc;cxx;def;odl;idl;hpj;bat;asm;asmx</Extensions>
    </Filter>
    <Filter Include="Header Files">
      <UniqueIdentifier>{93995380-89BD-4b04-88EB-625FBE52EBFB}</UniqueIdentifier>
      <Extensions>h;hh;hpp;hxx;hm;inl;inc;xsd</Extensions>
    </Filter>
    <Filter Include="Resource Files">
      <UniqueIdentifier>{67DA6AB6-F800-4c08-8B7A-83BB121AAD01}</UniqueIdentifier>
      <Extensions>rc;ico;cur;bmp;dlg;rc2;rct;bin;rgs;gif;jpg;jpeg;jpe;resx;tiff;tif;png;wav;mfcribbon-ms</Extensions>
    </Filter>
  </ItemGroup>
  <ItemGroup>
    <ClCompile Include="Source\main.cpp">
      <Filter>Source Files</Filter>
    </ClCompile>
    <ClCompile Include="Source\Vulkan\VulkanContext.cpp">
      <Filter>Source Files</Filter>
    </ClCompile>
    <ClCompile Include="Source\Vulkan\VulkanDevice.cpp">
      <Filter>Source Files</Filter>
    </ClCompile>
    <ClCompile Include="Source\Core\InputDispatcher.cpp">
      <Filter>Source Files</Filter>
    </ClCompile>
    <ClCompile Include="Source\GUI\Button.cpp">
      <Filter>Source Files</Filter>
    </ClCompile>
    <ClCompile Include="Source\GUI\Label.cpp">
      <Filter>Source Files</Filter>
    </ClCompile>
    <ClCompile Include="Source\GUI\CheckBox.cpp">
      <Filter>Source Files</Filter>
    </ClCompile>
    <ClCompile Include="Source\GUI\Control.cpp">
      <Filter>Source Files</Filter>
    </ClCompile>
    <ClCompile Include="Source\GUI\ControlGroup.cpp">
      <Filter>Source Files</Filter>
    </ClCompile>
    <ClCompile Include="Source\Animation\Animation.cpp">
      <Filter>Source Files</Filter>
    </ClCompile>
    <ClCompile Include="Source\Animation\Animator.cpp">
      <Filter>Source Files</Filter>
    </ClCompile>
    <ClCompile Include="Source\GUI\Panel.cpp">
      <Filter>Source Files</Filter>
    </ClCompile>
    <ClCompile Include="Source\Vulkan\VulkanSwapChain.cpp">
      <Filter>Source Files</Filter>
    </ClCompile>
    <ClCompile Include="Source\GUI\RenderSystem.cpp">
      <Filter>Source Files</Filter>
    </ClCompile>
    <ClCompile Include="Source\IO\FileUtils.cpp">
      <Filter>Source Files</Filter>
    </ClCompile>
    <ClCompile Include="Source\IO\FontLoader.cpp">
      <Filter>Source Files</Filter>
    </ClCompile>
    <ClCompile Include="Source\Camera\AbstractCamera.cpp">
      <Filter>Source Files</Filter>
    </ClCompile>
    <ClCompile Include="Source\Camera\FreeCamera.cpp">
      <Filter>Source Files</Filter>
    </ClCompile>
    <ClCompile Include="Source\Camera\CameraController.cpp">
      <Filter>Source Files</Filter>
    </ClCompile>
    <ClCompile Include="Source\Camera\TargetCamera.cpp">
      <Filter>Source Files</Filter>
    </ClCompile>
    <ClCompile Include="Source\Core\StringUtils.cpp">
      <Filter>Source Files</Filter>
    </ClCompile>
    <ClCompile Include="Source\IO\OpenEXRWriter.cpp">
      <Filter>Source Files</Filter>
    </ClCompile>
    <ClCompile Include="Source\GUI\Form.cpp">
      <Filter>Source Files</Filter>
    </ClCompile>
    <ClCompile Include="Source\GUI\VesperGui.cpp">
      <Filter>Source Files</Filter>
    </ClCompile>
    <ClCompile Include="Source\Models\Skybox.cpp">
      <Filter>Source Files</Filter>
    </ClCompile>
    <ClCompile Include="Source\Geometry\TriangleMeshBatch.cpp">
      <Filter>Source Files</Filter>
    </ClCompile>
    <ClCompile Include="Source\Geometry\TriangleMesh.cpp">
      <Filter>Source Files</Filter>
    </ClCompile>
    <ClCompile Include="Source\Geometry\MeshGeometry.cpp">
      <Filter>Source Files</Filter>
    </ClCompile>
    <ClCompile Include="Source\Vulkan\VulkanImage.cpp">
      <Filter>Source Files</Filter>
    </ClCompile>
    <ClCompile Include="Source\Vulkan\VulkanQueue.cpp">
      <Filter>Source Files</Filter>
    </ClCompile>
    <ClCompile Include="Source\Vulkan\VulkanQueueConfiguration.cpp">
      <Filter>Source Files</Filter>
    </ClCompile>
    <ClCompile Include="Source\Vulkan\VulkanBuffer.cpp">
      <Filter>Source Files</Filter>
    </ClCompile>
    <ClCompile Include="Source\Renderer\RenderPasses\DefaultRenderPass.cpp">
      <Filter>Source Files</Filter>
    </ClCompile>
    <ClCompile Include="Source\Renderer\RenderPasses\GuiRenderPass.cpp">
      <Filter>Source Files</Filter>
    </ClCompile>
    <ClCompile Include="Source\Renderer\RenderPasses\SceneRenderPass.cpp">
      <Filter>Source Files</Filter>
    </ClCompile>
    <ClCompile Include="Source\Renderer\Pipelines\FullScreenQuadPipeline.cpp">
      <Filter>Source Files</Filter>
    </ClCompile>
    <ClCompile Include="Source\Renderer\Pipelines\LiquidPipeline.cpp">
      <Filter>Source Files</Filter>
    </ClCompile>
    <ClCompile Include="Source\Renderer\Pipelines\PointSphereSpritePipeline.cpp">
      <Filter>Source Files</Filter>
    </ClCompile>
    <ClCompile Include="Source\Renderer\Pipelines\SkyboxPipeline.cpp">
      <Filter>Source Files</Filter>
    </ClCompile>
    <ClCompile Include="Source\Renderer\Pipelines\UniformColorPipeline.cpp">
      <Filter>Source Files</Filter>
    </ClCompile>
    <ClCompile Include="Source\Renderer\VertexBuffer.cpp">
      <Filter>Source Files</Filter>
    </ClCompile>
    <ClCompile Include="Source\Renderer\UniformMultiBuffer.cpp">
      <Filter>Source Files</Filter>
    </ClCompile>
    <ClCompile Include="Source\Renderer\UniformBuffer.cpp">
      <Filter>Source Files</Filter>
    </ClCompile>
    <ClCompile Include="Source\Renderer\IndexBuffer.cpp">
      <Filter>Source Files</Filter>
    </ClCompile>
    <ClCompile Include="Source\Renderer\DescriptorSetGroup.cpp">
      <Filter>Source Files</Filter>
    </ClCompile>
    <ClCompile Include="Source\Renderer\Texture.cpp">
      <Filter>Source Files</Filter>
    </ClCompile>
    <ClCompile Include="Source\IO\ImageFileBuffer.cpp">
      <Filter>Source Files</Filter>
    </ClCompile>
    <ClCompile Include="Source\GUI\DynamicUniformBufferResource.cpp">
      <Filter>Source Files</Filter>
    </ClCompile>
    <ClCompile Include="Source\Vulkan\VulkanDescriptorSetLayout.cpp" />
    <ClCompile Include="Source\Renderer\RenderPasses\ShadowPass.cpp">
      <Filter>Source Files</Filter>
    </ClCompile>
    <ClCompile Include="Source\GUI\CrispGui.cpp">
      <Filter>Source Files</Filter>
    </ClCompile>
    <ClCompile Include="Source\Core\Window.cpp">
      <Filter>Source Files</Filter>
    </ClCompile>
    <ClCompile Include="Source\Lights\DirectionalLight.cpp">
      <Filter>Source Files</Filter>
    </ClCompile>
    <ClCompile Include="Source\Techniques\CascadedShadowMapper.cpp">
      <Filter>Source Files</Filter>
    </ClCompile>
    <ClCompile Include="Source\Renderer\Pipelines\OutlinePipeline.cpp">
      <Filter>Source Files</Filter>
    </ClCompile>
    <ClCompile Include="Source\Renderer\Pipelines\NormalPipeline.cpp">
      <Filter>Source Files</Filter>
    </ClCompile>
    <ClCompile Include="Source\Renderer\Pipelines\MeshThicknessPipeline.cpp">
      <Filter>Source Files</Filter>
    </ClCompile>
    <ClCompile Include="Source\Models\BoxVisualizer.cpp">
      <Filter>Source Files</Filter>
    </ClCompile>
    <ClCompile Include="Source\Vulkan\VulkanSampler.cpp">
      <Filter>Source Files</Filter>
    </ClCompile>
    <ClCompile Include="Source\Renderer\RenderPasses\LiquidRenderPass.cpp">
      <Filter>Source Files</Filter>
    </ClCompile>
    <ClCompile Include="Source\Vulkan\VulkanFramebuffer.cpp">
      <Filter>Source Files</Filter>
    </ClCompile>
    <ClCompile Include="Source\Vulkan\VulkanDescriptorSet.cpp">
      <Filter>Source Files</Filter>
    </ClCompile>
    <ClCompile Include="Source\Models\BoxDrawer.cpp">
      <Filter>Source Files</Filter>
    </ClCompile>
    <ClCompile Include="Source\Core\Application.cpp">
      <Filter>Source Files</Filter>
    </ClCompile>
    <ClCompile Include="Source\Core\ApplicationEnvironment.cpp">
      <Filter>Source Files</Filter>
    </ClCompile>
    <ClCompile Include="Source\GUI\DebugRect.cpp">
      <Filter>Source Files</Filter>
    </ClCompile>
    <ClCompile Include="Source\GUI\StatusBar.cpp">
      <Filter>Source Files</Filter>
    </ClCompile>
    <ClCompile Include="Source\GUI\MemoryUsageBar.cpp">
      <Filter>Source Files</Filter>
    </ClCompile>
    <ClCompile Include="Source\GUI\IntroductionPanel.cpp">
      <Filter>Source Files</Filter>
    </ClCompile>
    <ClCompile Include="Source\GUI\Slider.cpp">
      <Filter>Source Files</Filter>
    </ClCompile>
    <ClCompile Include="Source\Vulkan\VulkanPipeline.cpp">
      <Filter>Source Files</Filter>
    </ClCompile>
    <ClCompile Include="Source\Vulkan\VulkanRenderPass.cpp">
      <Filter>Source Files</Filter>
    </ClCompile>
    <ClCompile Include="Source\Vulkan\VulkanMemoryHeap.cpp">
      <Filter>Source Files</Filter>
    </ClCompile>
    <ClCompile Include="Source\GUI\ComboBox.cpp">
      <Filter>Source Files</Filter>
    </ClCompile>
    <ClCompile Include="Source\GUI\ComboBoxItem.cpp">
      <Filter>Source Files</Filter>
    </ClCompile>
    <ClCompile Include="Source\Core\SceneContainer.cpp">
      <Filter>Source Files</Filter>
    </ClCompile>
    <ClCompile Include="Source\Scenes\ShadowMappingScene.cpp">
      <Filter>Source Files</Filter>
    </ClCompile>
    <ClCompile Include="Source\Scenes\TestScene.cpp">
      <Filter>Source Files</Filter>
    </ClCompile>
    <ClCompile Include="Source\GUI\DoubleSlider.cpp">
      <Filter>Source Files</Filter>
    </ClCompile>
    <ClCompile Include="Source\Renderer\RenderPasses\AmbientOcclusionPass.cpp">
      <Filter>Source Files</Filter>
    </ClCompile>
    <ClCompile Include="Source\Renderer\Pipelines\SsaoPipeline.cpp">
      <Filter>Source Files</Filter>
    </ClCompile>
    <ClCompile Include="Source\Scenes\RayTracerScene.cpp">
      <Filter>Source Files</Filter>
    </ClCompile>
    <ClCompile Include="Source\Scenes\RayTracerGui.cpp">
      <Filter>Source Files</Filter>
    </ClCompile>
    <ClCompile Include="Source\GUI\ListBox.cpp">
      <Filter>Source Files</Filter>
    </ClCompile>
    <ClCompile Include="Source\Renderer\RenderPasses\BlurPass.cpp">
      <Filter>Source Files</Filter>
    </ClCompile>
    <ClCompile Include="Source\Renderer\Pipelines\BlurPipeline.cpp">
      <Filter>Source Files</Filter>
    </ClCompile>
    <ClCompile Include="Source\Renderer\RenderPasses\VarianceShadowMapPass.cpp">
      <Filter>Source Files</Filter>
    </ClCompile>
    <ClCompile Include="Source\Geometry\SphereMeshGenerator.cpp">
      <Filter>Source Files</Filter>
    </ClCompile>
    <ClCompile Include="Source\Renderer\Pipelines\NormalMapPipeline.cpp">
      <Filter>Source Files</Filter>
    </ClCompile>
    <ClCompile Include="Source\Renderer\PipelineBuilder.cpp">
      <Filter>Source Files</Filter>
    </ClCompile>
    <ClCompile Include="Source\Renderer\RenderPassBuilder.cpp">
      <Filter>Source Files</Filter>
    </ClCompile>
    <ClCompile Include="Source\Scenes\ShadowMappingPanel.cpp">
      <Filter>Source Files</Filter>
    </ClCompile>
    <ClCompile Include="Source\Scenes\PhysicallyBasedMaterialsScene.cpp">
      <Filter>Source Files</Filter>
    </ClCompile>
    <ClCompile Include="Source\Renderer\Pipelines\PhysicallyBasedPipeline.cpp">
      <Filter>Source Files</Filter>
    </ClCompile>
    <ClCompile Include="Source\Vulkan\VulkanImageView.cpp">
      <Filter>Source Files</Filter>
    </ClCompile>
    <ClCompile Include="Source\Scenes\FluidSimulationPanel.cpp">
      <Filter>Source Files</Filter>
    </ClCompile>
    <ClCompile Include="Source\Scenes\FluidSimulationScene.cpp">
      <Filter>Source Files</Filter>
    </ClCompile>
    <ClCompile Include="Source\Scenes\AmbientOcclusionPanel.cpp">
      <Filter>Source Files</Filter>
    </ClCompile>
    <ClCompile Include="Source\Scenes\AmbientOcclusionScene.cpp">
      <Filter>Source Files</Filter>
    </ClCompile>
    <ClCompile Include="Source\Renderer\Pipelines\ComputePipeline.cpp">
      <Filter>Source Files</Filter>
    </ClCompile>
    <ClCompile Include="Source\Renderer\Renderer.cpp">
      <Filter>Source Files</Filter>
    </ClCompile>
    <ClCompile Include="Source\Scenes\RaytracedImage.cpp">
      <Filter>Source Files</Filter>
    </ClCompile>
    <ClCompile Include="Source\Models\PositionBasedFluid.cpp">
      <Filter>Source Files</Filter>
    </ClCompile>
    <ClCompile Include="Source\Models\SPH.cpp">
      <Filter>Source Files</Filter>
    </ClCompile>
    <ClCompile Include="Source\Scenes\TerrainScene.cpp">
      <Filter>Source Files</Filter>
    </ClCompile>
    <ClCompile Include="Source\Renderer\Pipelines\TerrainPipeline.cpp">
      <Filter>Source Files</Filter>
    </ClCompile>
    <ClCompile Include="Source\Renderer\Material.cpp">
      <Filter>Source Files</Filter>
    </ClCompile>
    <ClCompile Include="Source\Geometry\Geometry.cpp">
      <Filter>Source Files</Filter>
    </ClCompile>
    <ClCompile Include="Source\Geometry\MeshGenerators.cpp">
      <Filter>Source Files</Filter>
    </ClCompile>
    <ClCompile Include="Source\Vulkan\VulkanPipelineLayout.cpp">
      <Filter>Source Files</Filter>
    </ClCompile>
    <ClCompile Include="Source\Renderer\PipelineLayoutBuilder.cpp">
      <Filter>Source Files</Filter>
    </ClCompile>
    <ClCompile Include="Source\Renderer\Pipelines\GuiPipelines.cpp">
      <Filter>Source Files</Filter>
    </ClCompile>
    <ClCompile Include="Source\Renderer\Pipelines\BlinnPhongPipelines.cpp">
      <Filter>Source Files</Filter>
    </ClCompile>
    <ClCompile Include="Source\Renderer\Pipelines\ShadowMapPipelines.cpp">
      <Filter>Source Files</Filter>
    </ClCompile>
    <ClCompile Include="Source\Lights\PointLight.cpp">
      <Filter>Source Files</Filter>
    </ClCompile>
    <ClCompile Include="Source\Renderer\RenderGraph.cpp">
      <Filter>Source Files</Filter>
    </ClCompile>
    <ClCompile Include="Source\Core\LuaState.cpp">
      <Filter>Source Files</Filter>
    </ClCompile>
    <ClCompile Include="Source\Renderer\Pipelines\GrassPipeline.cpp">
      <Filter>Source Files</Filter>
    </ClCompile>
    <ClCompile Include="Source\Models\Grass.cpp">
      <Filter>Source Files</Filter>
    </ClCompile>
    <ClCompile Include="Source\Renderer\RenderPasses\LightShaftPass.cpp">
      <Filter>Source Files</Filter>
    </ClCompile>
    <ClCompile Include="Source\Renderer\Pipelines\LightShaftPipeline.cpp">
      <Filter>Source Files</Filter>
    </ClCompile>
    <ClCompile Include="Source\Core\LuaMachine.cpp">
      <Filter>Source Files</Filter>
    </ClCompile>
  </ItemGroup>
  <ItemGroup>
    <ClInclude Include="Source\Vulkan\VulkanContext.hpp">
      <Filter>Header Files</Filter>
    </ClInclude>
    <ClInclude Include="Source\Vulkan\VulkanDevice.hpp">
      <Filter>Header Files</Filter>
    </ClInclude>
    <ClInclude Include="Source\Core\InputDispatcher.hpp">
      <Filter>Header Files</Filter>
    </ClInclude>
    <ClInclude Include="Source\GUI\Button.hpp">
      <Filter>Header Files</Filter>
    </ClInclude>
    <ClInclude Include="Source\GUI\Label.hpp">
      <Filter>Header Files</Filter>
    </ClInclude>
    <ClInclude Include="Source\GUI\CheckBox.hpp">
      <Filter>Header Files</Filter>
    </ClInclude>
    <ClInclude Include="Source\GUI\Control.hpp">
      <Filter>Header Files</Filter>
    </ClInclude>
    <ClInclude Include="Source\GUI\ControlGroup.hpp">
      <Filter>Header Files</Filter>
    </ClInclude>
    <ClInclude Include="Source\Animation\Animation.hpp">
      <Filter>Header Files</Filter>
    </ClInclude>
    <ClInclude Include="Source\Animation\PropertyAnimation.hpp">
      <Filter>Header Files</Filter>
    </ClInclude>
    <ClInclude Include="Source\Animation\Animator.hpp">
      <Filter>Header Files</Filter>
    </ClInclude>
    <ClInclude Include="Source\GUI\Panel.hpp">
      <Filter>Header Files</Filter>
    </ClInclude>
    <ClInclude Include="Source\Vulkan\VulkanSwapChain.hpp">
      <Filter>Header Files</Filter>
    </ClInclude>
    <ClInclude Include="Source\GUI\RenderSystem.hpp">
      <Filter>Header Files</Filter>
    </ClInclude>
    <ClInclude Include="Source\IO\FileUtils.hpp">
      <Filter>Header Files</Filter>
    </ClInclude>
    <ClInclude Include="Source\IO\FontLoader.hpp">
      <Filter>Header Files</Filter>
    </ClInclude>
    <ClInclude Include="Source\Core\FrameTimeLogger.hpp">
      <Filter>Header Files</Filter>
    </ClInclude>
    <ClInclude Include="Source\Camera\AbstractCamera.hpp">
      <Filter>Header Files</Filter>
    </ClInclude>
    <ClInclude Include="Source\Camera\FreeCamera.hpp">
      <Filter>Header Files</Filter>
    </ClInclude>
    <ClInclude Include="Source\Camera\CameraController.hpp">
      <Filter>Header Files</Filter>
    </ClInclude>
    <ClInclude Include="Source\Camera\TargetCamera.hpp">
      <Filter>Header Files</Filter>
    </ClInclude>
    <ClInclude Include="Source\IO\OpenEXRWriter.hpp">
      <Filter>Header Files</Filter>
    </ClInclude>
    <ClInclude Include="Source\GUI\Form.hpp">
      <Filter>Header Files</Filter>
    </ClInclude>
    <ClInclude Include="Source\GUI\VesperGui.hpp">
      <Filter>Header Files</Filter>
    </ClInclude>
    <ClInclude Include="Source\Models\Skybox.hpp">
      <Filter>Header Files</Filter>
    </ClInclude>
    <ClInclude Include="Source\Geometry\TriangleMesh.hpp">
      <Filter>Header Files</Filter>
    </ClInclude>
    <ClInclude Include="Source\Geometry\MeshGeometry.hpp">
      <Filter>Header Files</Filter>
    </ClInclude>
    <ClInclude Include="Source\Vulkan\VulkanImage.hpp">
      <Filter>Header Files</Filter>
    </ClInclude>
    <ClInclude Include="Source\Vulkan\VulkanQueue.hpp">
      <Filter>Header Files</Filter>
    </ClInclude>
    <ClInclude Include="Source\Vulkan\VulkanQueueConfiguration.hpp">
      <Filter>Header Files</Filter>
    </ClInclude>
    <ClInclude Include="Source\Vulkan\VulkanBuffer.hpp">
      <Filter>Header Files</Filter>
    </ClInclude>
    <ClInclude Include="Source\Renderer\RenderPasses\DefaultRenderPass.hpp">
      <Filter>Header Files</Filter>
    </ClInclude>
    <ClInclude Include="Source\Renderer\RenderPasses\GuiRenderPass.hpp">
      <Filter>Header Files</Filter>
    </ClInclude>
    <ClInclude Include="Source\Renderer\RenderPasses\SceneRenderPass.hpp">
      <Filter>Header Files</Filter>
    </ClInclude>
    <ClInclude Include="Source\Renderer\Pipelines\FullScreenQuadPipeline.hpp">
      <Filter>Header Files</Filter>
    </ClInclude>
    <ClInclude Include="Source\Renderer\Pipelines\LiquidPipeline.hpp">
      <Filter>Header Files</Filter>
    </ClInclude>
    <ClInclude Include="Source\Renderer\Pipelines\PointSphereSpritePipeline.hpp">
      <Filter>Header Files</Filter>
    </ClInclude>
    <ClInclude Include="Source\Renderer\Pipelines\SkyboxPipeline.hpp">
      <Filter>Header Files</Filter>
    </ClInclude>
    <ClInclude Include="Source\Renderer\Pipelines\UniformColorPipeline.hpp">
      <Filter>Header Files</Filter>
    </ClInclude>
    <ClInclude Include="Source\Renderer\VertexBuffer.hpp">
      <Filter>Header Files</Filter>
    </ClInclude>
    <ClInclude Include="Source\Renderer\VertexBufferBindingGroup.hpp">
      <Filter>Header Files</Filter>
    </ClInclude>
    <ClInclude Include="Source\Renderer\UniformMultiBuffer.hpp">
      <Filter>Header Files</Filter>
    </ClInclude>
    <ClInclude Include="Source\Renderer\UniformBuffer.hpp">
      <Filter>Header Files</Filter>
    </ClInclude>
    <ClInclude Include="Source\Renderer\IndexBuffer.hpp">
      <Filter>Header Files</Filter>
    </ClInclude>
    <ClInclude Include="Source\Renderer\DescriptorSetGroup.hpp">
      <Filter>Header Files</Filter>
    </ClInclude>
    <ClInclude Include="Source\Renderer\BufferUpdatePolicy.hpp">
      <Filter>Header Files</Filter>
    </ClInclude>
    <ClInclude Include="Source\Renderer\Texture.hpp">
      <Filter>Header Files</Filter>
    </ClInclude>
    <ClInclude Include="Source\IO\ImageFileBuffer.hpp">
      <Filter>Header Files</Filter>
    </ClInclude>
    <ClInclude Include="Source\GUI\DynamicUniformBufferResource.hpp">
      <Filter>Header Files</Filter>
    </ClInclude>
    <ClInclude Include="Source\Vulkan\VulkanDescriptorSetLayout.hpp">
      <Filter>Header Files</Filter>
    </ClInclude>
    <ClInclude Include="Source\Renderer\RenderPasses\ShadowPass.hpp">
      <Filter>Header Files</Filter>
    </ClInclude>
    <ClInclude Include="Source\GUI\CrispGui.hpp">
      <Filter>Header Files</Filter>
    </ClInclude>
    <ClInclude Include="Source\Core\Window.hpp">
      <Filter>Header Files</Filter>
    </ClInclude>
    <ClInclude Include="Source\Lights\DirectionalLight.hpp">
      <Filter>Header Files</Filter>
    </ClInclude>
    <ClInclude Include="Source\Techniques\CascadedShadowMapper.hpp">
      <Filter>Header Files</Filter>
    </ClInclude>
    <ClInclude Include="Source\Renderer\Pipelines\OutlinePipeline.hpp">
      <Filter>Header Files</Filter>
    </ClInclude>
    <ClInclude Include="Source\Renderer\Pipelines\NormalPipeline.hpp">
      <Filter>Header Files</Filter>
    </ClInclude>
    <ClInclude Include="Source\Renderer\Pipelines\MeshThicknessPipeline.hpp">
      <Filter>Header Files</Filter>
    </ClInclude>
    <ClInclude Include="Source\Models\BoxVisualizer.hpp">
      <Filter>Header Files</Filter>
    </ClInclude>
    <ClInclude Include="Source\Vulkan\VulkanSampler.hpp">
      <Filter>Header Files</Filter>
    </ClInclude>
    <ClInclude Include="Source\Vulkan\VulkanResource.hpp">
      <Filter>Header Files</Filter>
    </ClInclude>
    <ClInclude Include="Source\Renderer\RenderPasses\LiquidRenderPass.hpp">
      <Filter>Header Files</Filter>
    </ClInclude>
    <ClInclude Include="Source\Vulkan\VulkanFramebuffer.hpp">
      <Filter>Header Files</Filter>
    </ClInclude>
    <ClInclude Include="Source\Vulkan\VulkanDescriptorSet.hpp">
      <Filter>Header Files</Filter>
    </ClInclude>
    <ClInclude Include="Source\Models\BoxDrawer.hpp">
      <Filter>Header Files</Filter>
    </ClInclude>
    <ClInclude Include="Source\Models\FluidSimulationParams.hpp">
      <Filter>Header Files</Filter>
    </ClInclude>
    <ClInclude Include="Source\Core\ApplicationEnvironment.hpp">
      <Filter>Header Files</Filter>
    </ClInclude>
    <ClInclude Include="Source\Core\Application.hpp">
      <Filter>Header Files</Filter>
    </ClInclude>
    <ClInclude Include="Source\GUI\DebugRect.hpp">
      <Filter>Header Files</Filter>
    </ClInclude>
    <ClInclude Include="Source\GUI\StatusBar.hpp">
      <Filter>Header Files</Filter>
    </ClInclude>
    <ClInclude Include="Source\GUI\MemoryUsageBar.hpp">
      <Filter>Header Files</Filter>
    </ClInclude>
    <ClInclude Include="Source\GUI\StopWatch.hpp">
      <Filter>Header Files</Filter>
    </ClInclude>
    <ClInclude Include="Source\GUI\IntroductionPanel.hpp">
      <Filter>Header Files</Filter>
    </ClInclude>
    <ClInclude Include="Source\GUI\Slider.hpp">
      <Filter>Header Files</Filter>
    </ClInclude>
    <ClInclude Include="Source\Vulkan\VulkanFormatTraits.hpp">
      <Filter>Header Files</Filter>
    </ClInclude>
    <ClInclude Include="Source\Vulkan\VulkanPipeline.hpp">
      <Filter>Header Files</Filter>
    </ClInclude>
    <ClInclude Include="Source\Vulkan\VulkanRenderPass.hpp">
      <Filter>Header Files</Filter>
    </ClInclude>
    <ClInclude Include="Source\Vulkan\VulkanMemoryHeap.hpp">
      <Filter>Header Files</Filter>
    </ClInclude>
    <ClInclude Include="Source\GUI\GuiEnums.hpp">
      <Filter>Header Files</Filter>
    </ClInclude>
    <ClInclude Include="Source\GUI\ComboBox.hpp">
      <Filter>Header Files</Filter>
    </ClInclude>
    <ClInclude Include="Source\GUI\DrawComponents\ColorRectDrawComponent.hpp">
      <Filter>Header Files</Filter>
    </ClInclude>
    <ClInclude Include="Source\GUI\ComboBoxItem.hpp">
      <Filter>Header Files</Filter>
    </ClInclude>
    <ClInclude Include="Source\GUI\DrawComponents\TextDrawComponent.hpp">
      <Filter>Header Files</Filter>
    </ClInclude>
    <ClInclude Include="Source\Core\SceneContainer.hpp">
      <Filter>Header Files</Filter>
    </ClInclude>
    <ClInclude Include="Source\Scenes\ShadowMappingScene.hpp">
      <Filter>Header Files</Filter>
    </ClInclude>
    <ClInclude Include="Source\Scenes\TestScene.hpp">
      <Filter>Header Files</Filter>
    </ClInclude>
    <ClInclude Include="Source\Scenes\Scene.hpp">
      <Filter>Header Files</Filter>
    </ClInclude>
    <ClInclude Include="Source\Scenes\ShadowMappingPanel.hpp">
      <Filter>Header Files</Filter>
    </ClInclude>
    <ClInclude Include="Source\GUI\DoubleSlider.hpp">
      <Filter>Header Files</Filter>
    </ClInclude>
    <ClInclude Include="Source\Renderer\RenderPasses\AmbientOcclusionPass.hpp">
      <Filter>Header Files</Filter>
    </ClInclude>
    <ClInclude Include="Source\Renderer\Pipelines\SsaoPipeline.hpp">
      <Filter>Header Files</Filter>
    </ClInclude>
    <ClInclude Include="Source\Scenes\RayTracerScene.hpp">
      <Filter>Header Files</Filter>
    </ClInclude>
    <ClInclude Include="Source\Scenes\RayTracerGui.hpp">
      <Filter>Header Files</Filter>
    </ClInclude>
    <ClInclude Include="Source\GUI\ListBox.hpp">
      <Filter>Header Files</Filter>
    </ClInclude>
    <ClInclude Include="Source\Renderer\RenderPasses\BlurPass.hpp">
      <Filter>Header Files</Filter>
    </ClInclude>
    <ClInclude Include="Source\Renderer\Pipelines\BlurPipeline.hpp">
      <Filter>Header Files</Filter>
    </ClInclude>
    <ClInclude Include="Source\Renderer\RenderPasses\VarianceShadowMapPass.hpp">
      <Filter>Header Files</Filter>
    </ClInclude>
    <ClInclude Include="Source\Geometry\SphereMeshGenerator.hpp">
      <Filter>Header Files</Filter>
    </ClInclude>
    <ClInclude Include="Source\Renderer\Pipelines\NormalMapPipeline.hpp">
      <Filter>Header Files</Filter>
    </ClInclude>
    <ClInclude Include="Source\Renderer\PipelineBuilder.hpp">
      <Filter>Header Files</Filter>
    </ClInclude>
    <ClInclude Include="Source\Renderer\RenderPassBuilder.hpp">
      <Filter>Header Files</Filter>
    </ClInclude>
    <ClInclude Include="Source\Geometry\VertexAttributeTraits.hpp">
      <Filter>Header Files</Filter>
    </ClInclude>
    <ClInclude Include="Source\Scenes\PhysicallyBasedMaterialsScene.hpp">
      <Filter>Header Files</Filter>
    </ClInclude>
    <ClInclude Include="Source\Geometry\TransformPack.hpp">
      <Filter>Header Files</Filter>
    </ClInclude>
    <ClInclude Include="Source\Renderer\Pipelines\PhysicallyBasedPipeline.hpp">
      <Filter>Header Files</Filter>
    </ClInclude>
    <ClInclude Include="Source\Vulkan\VulkanImageView.hpp">
      <Filter>Header Files</Filter>
    </ClInclude>
    <ClInclude Include="Source\Scenes\FluidSimulationPanel.hpp">
      <Filter>Header Files</Filter>
    </ClInclude>
    <ClInclude Include="Source\Scenes\FluidSimulationScene.hpp">
      <Filter>Header Files</Filter>
    </ClInclude>
    <ClInclude Include="Source\Scenes\AmbientOcclusionPanel.hpp">
      <Filter>Header Files</Filter>
    </ClInclude>
    <ClInclude Include="Source\Scenes\AmbientOcclusionScene.hpp">
      <Filter>Header Files</Filter>
    </ClInclude>
    <ClInclude Include="Source\Renderer\Pipelines\ComputePipeline.hpp">
      <Filter>Header Files</Filter>
    </ClInclude>
    <ClInclude Include="Source\Renderer\Renderer.hpp">
      <Filter>Header Files</Filter>
    </ClInclude>
    <ClInclude Include="Source\Scenes\RaytracedImage.hpp">
      <Filter>Header Files</Filter>
    </ClInclude>
    <ClInclude Include="Source\Models\PositionBasedFluid.hpp">
      <Filter>Header Files</Filter>
    </ClInclude>
    <ClInclude Include="Source\Models\SPH.hpp">
      <Filter>Header Files</Filter>
    </ClInclude>
    <ClInclude Include="Source\Models\FluidSimulation.hpp">
      <Filter>Header Files</Filter>
    </ClInclude>
    <ClInclude Include="Source\Scenes\TerrainScene.hpp">
      <Filter>Header Files</Filter>
    </ClInclude>
    <ClInclude Include="Source\Core\Keyboard.hpp">
      <Filter>Header Files</Filter>
    </ClInclude>
    <ClInclude Include="Source\Core\InputTranslator.hpp">
      <Filter>Header Files</Filter>
    </ClInclude>
    <ClInclude Include="Source\Core\Mouse.hpp">
      <Filter>Header Files</Filter>
    </ClInclude>
    <ClInclude Include="Source\Renderer\Pipelines\TerrainPipeline.hpp">
      <Filter>Header Files</Filter>
    </ClInclude>
    <ClInclude Include="Source\Renderer\Material.hpp">
      <Filter>Header Files</Filter>
    </ClInclude>
    <ClInclude Include="Source\Geometry\Geometry.hpp">
      <Filter>Header Files</Filter>
    </ClInclude>
    <ClInclude Include="Source\Geometry\MeshGenerators.hpp">
      <Filter>Header Files</Filter>
    </ClInclude>
    <ClInclude Include="Source\Vulkan\VulkanPipelineLayout.hpp">
      <Filter>Header Files</Filter>
    </ClInclude>
    <ClInclude Include="Source\Renderer\PipelineLayoutBuilder.hpp">
      <Filter>Header Files</Filter>
    </ClInclude>
    <ClInclude Include="Source\Renderer\Pipelines\GuiPipelines.hpp">
      <Filter>Header Files</Filter>
    </ClInclude>
    <ClInclude Include="Source\Renderer\Pipelines\BlinnPhongPipelines.hpp">
      <Filter>Header Files</Filter>
    </ClInclude>
    <ClInclude Include="Source\Renderer\Pipelines\ShadowMapPipelines.hpp">
      <Filter>Header Files</Filter>
    </ClInclude>
    <ClInclude Include="Source\Lights\PointLight.hpp">
      <Filter>Header Files</Filter>
    </ClInclude>
    <ClInclude Include="Source\Lights\LightDescriptorData.hpp">
      <Filter>Header Files</Filter>
    </ClInclude>
    <ClInclude Include="Source\Renderer\DrawCommand.hpp">
      <Filter>Header Files</Filter>
    </ClInclude>
    <ClInclude Include="Source\Renderer\RenderGraph.hpp">
      <Filter>Header Files</Filter>
    </ClInclude>
    <ClInclude Include="Source\Core\LuaState.hpp">
      <Filter>Header Files</Filter>
    </ClInclude>
    <ClInclude Include="Source\Renderer\Pipelines\GrassPipeline.hpp">
      <Filter>Header Files</Filter>
    </ClInclude>
    <ClInclude Include="Source\Geometry\GeometryView.hpp">
      <Filter>Header Files</Filter>
    </ClInclude>
    <ClInclude Include="Source\Models\Grass.hpp">
      <Filter>Header Files</Filter>
    </ClInclude>
    <ClInclude Include="Source\Renderer\RenderPasses\LightShaftPass.hpp">
      <Filter>Header Files</Filter>
    </ClInclude>
    <ClInclude Include="Source\Renderer\Pipelines\LightShaftPipeline.hpp">
      <Filter>Header Files</Filter>
    </ClInclude>
    <ClInclude Include="Source\Core\LuaMachine.hpp">
      <Filter>Header Files</Filter>
    </ClInclude>
    <ClInclude Include="Source\Core\LuaConfig.hpp">
      <Filter>Header Files</Filter>
    </ClInclude>
  </ItemGroup>
  <ItemGroup>
    <None Include="Source\Core\StringUtils.hpp" />
    <None Include="Source\Shaders\fullscreen-quad-frag.glsl" />
    <None Include="Source\Shaders\fullscreen-quad-vert.glsl" />
    <None Include="Source\Shaders\gamma-correct-frag.glsl" />
    <None Include="Source\Shaders\gamma-correct-vert.glsl" />
    <None Include="Source\Shaders\gui-quad-tex-frag.glsl" />
    <None Include="Source\Shaders\gui-quad-tex-vert.glsl" />
    <None Include="Source\Shaders\gui-quad-unif-col-frag.glsl" />
    <None Include="Source\Shaders\gui-quad-unif-col-vert.glsl" />
    <None Include="Source\Shaders\gui-text-frag.glsl" />
    <None Include="Source\Shaders\gui-text-vert.glsl" />
    <None Include="Source\Shaders\point-sphere-sprite-frag.glsl" />
    <None Include="Source\Shaders\point-sphere-sprite-vert.glsl" />
    <None Include="Source\Shaders\unif-col-frag.glsl" />
    <None Include="Source\Shaders\unif-col-vert.glsl" />
    <None Include="Source\Shaders\liquid-vert.glsl" />
    <None Include="Source\Shaders\liquid-frag.glsl" />
    <None Include="Source\Shaders\skybox-vert.glsl" />
    <None Include="Source\Shaders\skybox-frag.glsl" />
    <None Include="Source\Shaders\blinn-phong-vert.glsl" />
    <None Include="Source\Shaders\blinn-phong-frag.glsl" />
    <None Include="Source\Geometry\TriangleMeshBatch.hpp" />
    <None Include="Source\Shaders\shadow-map-vert.glsl" />
    <None Include="Source\Shaders\shadow-map-frag.glsl" />
    <None Include="Source\Shaders\outline-vert.glsl" />
    <None Include="Source\Shaders\outline-frag.glsl" />
    <None Include="Source\Shaders\depth-normal-vert.glsl" />
    <None Include="Source\Shaders\depth-normal-frag.glsl" />
    <None Include="Source\Shaders\test-comp.glsl" />
    <None Include="Source\Shaders\clear-hash-grid-comp.glsl" />
    <None Include="Source\Shaders\ssao-frag.glsl" />
    <None Include="Source\Shaders\ssao-vert.glsl" />
    <None Include="Source\Shaders\color-and-shadow-vert.glsl" />
    <None Include="Source\Shaders\color-and-shadow-frag.glsl" />
    <None Include="Source\Shaders\blur-frag.glsl" />
    <None Include="Source\Shaders\blur-vert.glsl" />
    <None Include="Source\Shaders\variance-shadow-map-vert.glsl" />
    <None Include="Source\Shaders\variance-shadow-map-frag.glsl" />
    <None Include="Source\Shaders\normal-map-vert.glsl" />
    <None Include="Source\Shaders\normal-map-frag.glsl" />
    <None Include="Source\Shaders\physically-based-vert.glsl" />
    <None Include="Source\Shaders\physically-based-frag.glsl" />
    <None Include="Source\Shaders\compute-cell-count-comp.glsl" />
    <None Include="Source\Shaders\compile-vulkan.sh" />
    <None Include="Source\Shaders\gui-quad-debug-col-frag.glsl" />
    <None Include="Source\Shaders\gui-quad-debug-col-vert.glsl" />
    <None Include="Source\Shaders\integrate-comp.glsl" />
    <None Include="Source\Shaders\scan-comp.glsl" />
    <None Include="Source\Shaders\scan-combine-comp.glsl" />
    <None Include="Source\Shaders\reorder-particles-comp.glsl" />
    <None Include="Source\Shaders\compute-density-and-pressure-comp.glsl" />
    <None Include="Source\Shaders\compute-forces-comp.glsl" />
    <None Include="Source\Shaders\reindex-particles-comp.glsl" />
    <None Include="Source\Shaders\pbf-predict-comp.glsl" />
    <None Include="Source\Shaders\terrain-vert.glsl" />
    <None Include="Source\Shaders\terrain-tesc.glsl" />
    <None Include="Source\Shaders\terrain-tese.glsl" />
    <None Include="Source\Shaders\terrain-frag.glsl" />
    <None Include="Source\Shaders\grass-vert.glsl" />
    <None Include="Source\Shaders\grass-frag.glsl" />
  </ItemGroup>
  <ItemGroup>
    <Xml Include="Resources\VesperScenes\ajax-normals.xml" />
    <Xml Include="Resources\VesperScenes\cbox.xml" />
    <Xml Include="Resources\VesperScenes\cbox_mesh.xml" />
    <Xml Include="Resources\VesperScenes\mesh-texture.xml" />
    <Xml Include="Resources\VesperScenes\odyssey-ems.xml" />
    <Xml Include="Resources\VesperScenes\odyssey-mats.xml" />
    <Xml Include="Resources\VesperScenes\odyssey-mis.xml" />
    <Xml Include="Resources\VesperScenes\point-ems.xml" />
    <Xml Include="Resources\VesperScenes\sphere_light_test.xml" />
    <Xml Include="Resources\VesperScenes\sphere2-ems.xml" />
    <Xml Include="Resources\VesperScenes\sphere2-mats.xml" />
    <Xml Include="Resources\VesperScenes\sphere2-mesh-ems.xml" />
    <Xml Include="Resources\VesperScenes\sphere-analytic.xml" />
    <Xml Include="Resources\VesperScenes\sphere-ems.xml" />
    <Xml Include="Resources\VesperScenes\sphere-mats.xml" />
    <Xml Include="Resources\VesperScenes\sphere-mesh.xml" />
    <Xml Include="Resources\VesperScenes\sphere-mesh-ems.xml" />
    <Xml Include="Resources\VesperScenes\sphere-texture.xml" />
    <Xml Include="Resources\VesperScenes\sponza-av.xml" />
    <Xml Include="Resources\VesperScenes\sponza-direct.xml" />
  </ItemGroup>
</Project>