<?xml version="1.0" encoding="utf-8"?>
<Project ToolsVersion="4.0" xmlns="http://schemas.microsoft.com/developer/msbuild/2003">
  <ItemGroup>
    <Filter Include="Source Files">
      <UniqueIdentifier>{4FC737F1-C7A5-4376-A066-2A32D752A2FF}</UniqueIdentifier>
      <Extensions>cpp;c;cc;cxx;def;odl;idl;hpj;bat;asm;asmx</Extensions>
    </Filter>
    <Filter Include="Header Files">
      <UniqueIdentifier>{93995380-89BD-4b04-88EB-625FBE52EBFB}</UniqueIdentifier>
      <Extensions>h;hh;hpp;hxx;hm;inl;inc;xsd</Extensions>
    </Filter>
    <Filter Include="Resource Files">
      <UniqueIdentifier>{67DA6AB6-F800-4c08-8B7A-83BB121AAD01}</UniqueIdentifier>
      <Extensions>rc;ico;cur;bmp;dlg;rc2;rct;bin;rgs;gif;jpg;jpeg;jpe;resx;tiff;tif;png;wav;mfcribbon-ms</Extensions>
    </Filter>
  </ItemGroup>
  <ItemGroup>
    <ClCompile Include="Source\Application.cpp">
      <Filter>Source Files</Filter>
    </ClCompile>
    <ClCompile Include="Source\main.cpp">
      <Filter>Source Files</Filter>
    </ClCompile>
    <ClCompile Include="Source\Vulkan\VulkanContext.cpp">
      <Filter>Source Files</Filter>
    </ClCompile>
    <ClCompile Include="Source\Vulkan\VulkanRenderer.cpp">
      <Filter>Source Files</Filter>
    </ClCompile>
    <ClCompile Include="Source\Vulkan\VulkanDevice.cpp">
      <Filter>Source Files</Filter>
    </ClCompile>
    <ClCompile Include="Source\Core\InputDispatcher.cpp">
      <Filter>Source Files</Filter>
    </ClCompile>
    <ClCompile Include="Source\GUI\Button.cpp">
      <Filter>Source Files</Filter>
    </ClCompile>
    <ClCompile Include="Source\GUI\Label.cpp">
      <Filter>Source Files</Filter>
    </ClCompile>
    <ClCompile Include="Source\GUI\CheckBox.cpp">
      <Filter>Source Files</Filter>
    </ClCompile>
    <ClCompile Include="Source\GUI\Control.cpp">
      <Filter>Source Files</Filter>
    </ClCompile>
    <ClCompile Include="Source\GUI\ControlGroup.cpp">
      <Filter>Source Files</Filter>
    </ClCompile>
    <ClCompile Include="Source\Animation\Animation.cpp">
      <Filter>Source Files</Filter>
    </ClCompile>
    <ClCompile Include="Source\Animation\Animator.cpp">
      <Filter>Source Files</Filter>
    </ClCompile>
    <ClCompile Include="Source\GUI\Panel.cpp">
      <Filter>Source Files</Filter>
    </ClCompile>
    <ClCompile Include="Source\Vulkan\MemoryHeap.cpp">
      <Filter>Source Files</Filter>
    </ClCompile>
    <ClCompile Include="Source\Vulkan\VulkanSwapChain.cpp">
      <Filter>Source Files</Filter>
    </ClCompile>
    <ClCompile Include="Source\Vulkan\Pipelines\FullScreenQuadPipeline.cpp">
      <Filter>Source Files</Filter>
    </ClCompile>
    <ClCompile Include="Source\Vulkan\Pipelines\VulkanPipeline.cpp">
      <Filter>Source Files</Filter>
    </ClCompile>
    <ClCompile Include="Source\Vulkan\Pipelines\GuiColorQuadPipeline.cpp">
      <Filter>Source Files</Filter>
    </ClCompile>
    <ClCompile Include="Source\Vulkan\Pipelines\GuiTextPipeline.cpp">
      <Filter>Source Files</Filter>
    </ClCompile>
    <ClCompile Include="Source\GUI\RenderSystem.cpp">
      <Filter>Source Files</Filter>
    </ClCompile>
    <ClCompile Include="Source\Vulkan\Pipelines\GuiTexQuadPipeline.cpp">
      <Filter>Source Files</Filter>
    </ClCompile>
    <ClCompile Include="Source\Vulkan\RenderPasses\GuiRenderPass.cpp">
      <Filter>Source Files</Filter>
    </ClCompile>
    <ClCompile Include="Source\Vulkan\RenderPasses\VulkanRenderPass.cpp">
      <Filter>Source Files</Filter>
    </ClCompile>
    <ClCompile Include="Source\Vulkan\RenderPasses\DefaultRenderPass.cpp">
      <Filter>Source Files</Filter>
    </ClCompile>
    <ClCompile Include="Source\IO\FileUtils.cpp">
      <Filter>Source Files</Filter>
    </ClCompile>
    <ClCompile Include="Source\IO\FontLoader.cpp">
      <Filter>Source Files</Filter>
    </ClCompile>
    <ClCompile Include="Source\Core\Picture.cpp">
      <Filter>Source Files</Filter>
    </ClCompile>
    <ClCompile Include="Source\IO\Image.cpp">
      <Filter>Source Files</Filter>
    </ClCompile>
    <ClCompile Include="Source\Core\Scene.cpp">
      <Filter>Source Files</Filter>
    </ClCompile>
    <ClCompile Include="Source\Vulkan\Pipelines\UniformColorPipeline.cpp">
      <Filter>Source Files</Filter>
    </ClCompile>
    <ClCompile Include="Source\Camera\AbstractCamera.cpp">
      <Filter>Source Files</Filter>
    </ClCompile>
    <ClCompile Include="Source\Camera\FreeCamera.cpp">
      <Filter>Source Files</Filter>
    </ClCompile>
    <ClCompile Include="Source\Camera\CameraController.cpp">
      <Filter>Source Files</Filter>
    </ClCompile>
    <ClCompile Include="Source\Camera\TargetCamera.cpp">
      <Filter>Source Files</Filter>
    </ClCompile>
    <ClCompile Include="Source\Core\StringUtils.cpp">
      <Filter>Source Files</Filter>
    </ClCompile>
    <ClCompile Include="Source\Vulkan\Pipelines\PointSphereSpritePipeline.cpp">
      <Filter>Source Files</Filter>
    </ClCompile>
    <ClCompile Include="Source\IO\OpenEXRWriter.cpp">
      <Filter>Source Files</Filter>
    </ClCompile>
    <ClCompile Include="Source\ApplicationEnvironment.cpp">
      <Filter>Source Files</Filter>
    </ClCompile>
    <ClCompile Include="Source\Core\StaticPicture.cpp">
      <Filter>Source Files</Filter>
    </ClCompile>
    <ClCompile Include="Source\GUI\Form.cpp">
      <Filter>Source Files</Filter>
    </ClCompile>
    <ClCompile Include="Source\Vulkan\DeviceBuffer.cpp">
      <Filter>Source Files</Filter>
    </ClCompile>
  </ItemGroup>
  <ItemGroup>
    <ClInclude Include="Source\Application.hpp">
      <Filter>Header Files</Filter>
    </ClInclude>
    <ClInclude Include="Source\Vulkan\VulkanContext.hpp">
      <Filter>Header Files</Filter>
    </ClInclude>
    <ClInclude Include="Source\Vulkan\VulkanRenderer.hpp">
      <Filter>Header Files</Filter>
    </ClInclude>
    <ClInclude Include="Source\Vulkan\VulkanDevice.hpp">
      <Filter>Header Files</Filter>
    </ClInclude>
    <ClInclude Include="Source\Core\Delegate.hpp">
      <Filter>Header Files</Filter>
    </ClInclude>
    <ClInclude Include="Source\Core\Event.hpp">
      <Filter>Header Files</Filter>
    </ClInclude>
    <ClInclude Include="Source\Core\Timer.hpp">
      <Filter>Header Files</Filter>
    </ClInclude>
    <ClInclude Include="Source\Core\InputDispatcher.hpp">
      <Filter>Header Files</Filter>
    </ClInclude>
    <ClInclude Include="Source\GUI\Button.hpp">
      <Filter>Header Files</Filter>
    </ClInclude>
    <ClInclude Include="Source\GUI\Label.hpp">
      <Filter>Header Files</Filter>
    </ClInclude>
    <ClInclude Include="Source\Core\MouseButtonEventArgs.hpp">
      <Filter>Header Files</Filter>
    </ClInclude>
    <ClInclude Include="Source\GUI\CheckBox.hpp">
      <Filter>Header Files</Filter>
    </ClInclude>
    <ClInclude Include="Source\GUI\Control.hpp">
      <Filter>Header Files</Filter>
    </ClInclude>
    <ClInclude Include="Source\Math\Rect.hpp">
      <Filter>Header Files</Filter>
    </ClInclude>
    <ClInclude Include="Source\GUI\ControlGroup.hpp">
      <Filter>Header Files</Filter>
    </ClInclude>
    <ClInclude Include="Source\Animation\Animation.hpp">
      <Filter>Header Files</Filter>
    </ClInclude>
    <ClInclude Include="Source\Animation\PropertyAnimation.hpp">
      <Filter>Header Files</Filter>
    </ClInclude>
    <ClInclude Include="Source\Animation\Animator.hpp">
      <Filter>Header Files</Filter>
    </ClInclude>
    <ClInclude Include="Source\GUI\Panel.hpp">
      <Filter>Header Files</Filter>
    </ClInclude>
    <ClInclude Include="Source\Vulkan\MemoryHeap.hpp">
      <Filter>Header Files</Filter>
    </ClInclude>
    <ClInclude Include="Source\Vulkan\VulkanSwapChain.hpp">
      <Filter>Header Files</Filter>
    </ClInclude>
    <ClInclude Include="Source\Vulkan\Pipelines\FullScreenQuadPipeline.hpp">
      <Filter>Header Files</Filter>
    </ClInclude>
    <ClInclude Include="Source\Vulkan\DrawItem.hpp">
      <Filter>Header Files</Filter>
    </ClInclude>
    <ClInclude Include="Source\Vulkan\Pipelines\VulkanPipeline.hpp">
      <Filter>Header Files</Filter>
    </ClInclude>
    <ClInclude Include="Source\Vulkan\Pipelines\GuiColorQuadPipeline.hpp">
      <Filter>Header Files</Filter>
    </ClInclude>
    <ClInclude Include="Source\Vulkan\Pipelines\GuiTextPipeline.hpp">
      <Filter>Header Files</Filter>
    </ClInclude>
    <ClInclude Include="Source\GUI\RenderSystem.hpp">
      <Filter>Header Files</Filter>
    </ClInclude>
    <ClInclude Include="Source\Vulkan\Pipelines\GuiTexQuadPipeline.hpp">
      <Filter>Header Files</Filter>
    </ClInclude>
    <ClInclude Include="Source\Vulkan\RenderPasses\GuiRenderPass.hpp">
      <Filter>Header Files</Filter>
    </ClInclude>
    <ClInclude Include="Source\Vulkan\RenderPasses\VulkanRenderPass.hpp">
      <Filter>Header Files</Filter>
    </ClInclude>
    <ClInclude Include="Source\Vulkan\RenderPasses\DefaultRenderPass.hpp">
      <Filter>Header Files</Filter>
    </ClInclude>
    <ClInclude Include="Source\IO\FileUtils.hpp">
      <Filter>Header Files</Filter>
    </ClInclude>
    <ClInclude Include="Source\IO\FontLoader.hpp">
      <Filter>Header Files</Filter>
    </ClInclude>
    <ClInclude Include="Source\Core\Picture.hpp">
      <Filter>Header Files</Filter>
    </ClInclude>
    <ClInclude Include="Source\Core\FrameTimeLogger.hpp">
      <Filter>Header Files</Filter>
    </ClInclude>
    <ClInclude Include="Source\IO\Image.hpp">
      <Filter>Header Files</Filter>
    </ClInclude>
    <ClInclude Include="Source\Core\Scene.hpp">
      <Filter>Header Files</Filter>
    </ClInclude>
    <ClInclude Include="Source\Vulkan\Pipelines\UniformColorPipeline.hpp">
      <Filter>Header Files</Filter>
    </ClInclude>
    <ClInclude Include="Source\Math\Headers.hpp">
      <Filter>Header Files</Filter>
    </ClInclude>
    <ClInclude Include="Source\Camera\AbstractCamera.hpp">
      <Filter>Header Files</Filter>
    </ClInclude>
    <ClInclude Include="Source\Camera\FreeCamera.hpp">
      <Filter>Header Files</Filter>
    </ClInclude>
    <ClInclude Include="Source\Camera\CameraController.hpp">
      <Filter>Header Files</Filter>
    </ClInclude>
    <ClInclude Include="Source\Camera\TargetCamera.hpp">
      <Filter>Header Files</Filter>
    </ClInclude>
    <ClInclude Include="Source\Vulkan\Pipelines\PointSphereSpritePipeline.hpp">
      <Filter>Header Files</Filter>
    </ClInclude>
    <ClInclude Include="Source\IO\OpenEXRWriter.hpp">
      <Filter>Header Files</Filter>
    </ClInclude>
    <ClInclude Include="Source\ApplicationEnvironment.hpp">
      <Filter>Header Files</Filter>
    </ClInclude>
    <ClInclude Include="Source\Core\StaticPicture.hpp">
      <Filter>Header Files</Filter>
    </ClInclude>
    <ClInclude Include="Source\GUI\Form.hpp">
      <Filter>Header Files</Filter>
    </ClInclude>
    <ClInclude Include="Source\Vulkan\DeviceBuffer.hpp">
      <Filter>Header Files</Filter>
    </ClInclude>
    <ClInclude Include="Source\GUI\Enums.hpp">
      <Filter>Header Files</Filter>
    </ClInclude>
  </ItemGroup>
  <ItemGroup>
    <None Include="Resources\Shaders\fullscreen-quad-frag.glsl" />
    <None Include="Resources\Shaders\fullscreen-quad-vert.glsl" />
    <None Include="Resources\Shaders\gamma-correct-frag.glsl" />
    <None Include="Resources\Shaders\gamma-correct-vert.glsl" />
    <None Include="Resources\Shaders\gui-quad-tex-frag.glsl" />
    <None Include="Resources\Shaders\gui-quad-tex-vert.glsl" />
    <None Include="Resources\Shaders\gui-quad-unif-col-frag.glsl" />
    <None Include="Resources\Shaders\gui-quad-unif-col-vert.glsl" />
    <None Include="Resources\Shaders\gui-text-frag.glsl" />
    <None Include="Resources\Shaders\gui-text-vert.glsl" />
    <None Include="Resources\VesperScenes\cbox.json" />
    <None Include="Resources\Shaders\unif-col-vert.glsl" />
    <None Include="Resources\Shaders\unif-col-frag.glsl" />
    <None Include="Source\Core\StringUtils.hpp" />
    <None Include="Resources\Shaders\point-sphere-sprite-vert.glsl" />
    <None Include="Resources\Shaders\point-sphere-sprite-frag.glsl" />
  </ItemGroup>
  <ItemGroup>
    <Xml Include="Resources\VesperScenes\cbox.xml" />
    <Xml Include="Resources\VesperScenes\cbox_mesh.xml" />
    <Xml Include="Resources\VesperScenes\sphere_light_test.xml" />
    <Xml Include="Resources\VesperScenes\point_ems.xml" />
    <Xml Include="Resources\VesperScenes\ajax-av.xml" />
  </ItemGroup>
</Project>